
Microsoft Visual Studio Solution File, Format Version 12.00
# Visual Studio Version 17
VisualStudioVersion = 17.4.33213.308
MinimumVisualStudioVersion = 10.0.40219.1
Project("{9A19103F-16F7-4668-BE54-9A1E7A4F7556}") = "ShapeAccountManagementSystem", "ShapeAccountManagementSystem\ShapeAccountManagementSystem.csproj", "{DDBDD72E-490F-48D8-9E31-B64F79F8C147}"
EndProject
Project("{FAE04EC0-301F-11D3-BF4B-00C04F79EFBC}") = "ShapeAccountManagementSystem.Infrastracture", "ShapeAccountManagementSystem.Infrastracture\ShapeAccountManagementSystem.Infrastracture.csproj", "{683FAA49-F42B-4462-B601-6C658605546F}"
EndProject
Project("{FAE04EC0-301F-11D3-BF4B-00C04F79EFBC}") = "ShapeAccountManagementSystem.Core", "ShapeAccountManagementSystem.Core\ShapeAccountManagementSystem.Core.csproj", "{926AE4BB-41AD-44D4-88CC-A2F760EA9537}"
EndProject
Project("{FAE04EC0-301F-11D3-BF4B-00C04F79EFBC}") = "ShapeAccountManagemenSystem.Application", "ShapeAccountManagemenSystem.Application\ShapeAccountManagemenSystem.Application.csproj", "{5B6168C7-21E4-4331-AB2C-8D7223C5A129}"
EndProject
Global
	GlobalSection(SolutionConfigurationPlatforms) = preSolution
		Debug|Any CPU = Debug|Any CPU
		Release|Any CPU = Release|Any CPU
	EndGlobalSection
	GlobalSection(ProjectConfigurationPlatforms) = postSolution
		{DDBDD72E-490F-48D8-9E31-B64F79F8C147}.Debug|Any CPU.ActiveCfg = Debug|Any CPU
		{DDBDD72E-490F-48D8-9E31-B64F79F8C147}.Debug|Any CPU.Build.0 = Debug|Any CPU
		{DDBDD72E-490F-48D8-9E31-B64F79F8C147}.Release|Any CPU.ActiveCfg = Release|Any CPU
		{DDBDD72E-490F-48D8-9E31-B64F79F8C147}.Release|Any CPU.Build.0 = Release|Any CPU
		{683FAA49-F42B-4462-B601-6C658605546F}.Debug|Any CPU.ActiveCfg = Debug|Any CPU
		{683FAA49-F42B-4462-B601-6C658605546F}.Debug|Any CPU.Build.0 = Debug|Any CPU
		{683FAA49-F42B-4462-B601-6C658605546F}.Release|Any CPU.ActiveCfg = Release|Any CPU
		{683FAA49-F42B-4462-B601-6C658605546F}.Release|Any CPU.Build.0 = Release|Any CPU
		{926AE4BB-41AD-44D4-88CC-A2F760EA9537}.Debug|Any CPU.ActiveCfg = Debug|Any CPU
		{926AE4BB-41AD-44D4-88CC-A2F760EA9537}.Debug|Any CPU.Build.0 = Debug|Any CPU
		{926AE4BB-41AD-44D4-88CC-A2F760EA9537}.Release|Any CPU.ActiveCfg = Release|Any CPU
		{926AE4BB-41AD-44D4-88CC-A2F760EA9537}.Release|Any CPU.Build.0 = Release|Any CPU
		{5B6168C7-21E4-4331-AB2C-8D7223C5A129}.Debug|Any CPU.ActiveCfg = Debug|Any CPU
		{5B6168C7-21E4-4331-AB2C-8D7223C5A129}.Debug|Any CPU.Build.0 = Debug|Any CPU
		{5B6168C7-21E4-4331-AB2C-8D7223C5A129}.Release|Any CPU.ActiveCfg = Release|Any CPU
		{5B6168C7-21E4-4331-AB2C-8D7223C5A129}.Release|Any CPU.Build.0 = Release|Any CPU
	EndGlobalSection
	GlobalSection(SolutionProperties) = preSolution
		HideSolutionNode = FALSE
	EndGlobalSection
	GlobalSection(ExtensibilityGlobals) = postSolution
		SolutionGuid = {5FD6E104-7EC4-4810-88CC-90A4A15DCA61}
	EndGlobalSection
EndGlobal
